
Microsoft Visual Studio Solution File, Format Version 12.00
Project("{FAE04EC0-301F-11D3-BF4B-00C04F79EFBC}") = "NetworkToolkit", "NetworkToolkit\NetworkToolkit.csproj", "{92723E3D-76B7-48ED-8327-BDF8215310A1}"
EndProject
Project("{FAE04EC0-301F-11D3-BF4B-00C04F79EFBC}") = "NetworkToolkit.Tests", "NetworkToolkit.Tests\NetworkToolkit.Tests.csproj", "{1526D588-8EC6-4EA1-BE66-757A2362289C}"
EndProject
Global
	GlobalSection(SolutionConfigurationPlatforms) = preSolution
		Debug|Any CPU = Debug|Any CPU
		Release|Any CPU = Release|Any CPU
	EndGlobalSection
	GlobalSection(ProjectConfigurationPlatforms) = postSolution
		{92723E3D-76B7-48ED-8327-BDF8215310A1}.Debug|Any CPU.ActiveCfg = Debug|Any CPU
		{92723E3D-76B7-48ED-8327-BDF8215310A1}.Debug|Any CPU.Build.0 = Debug|Any CPU
		{92723E3D-76B7-48ED-8327-BDF8215310A1}.Release|Any CPU.ActiveCfg = Release|Any CPU
		{92723E3D-76B7-48ED-8327-BDF8215310A1}.Release|Any CPU.Build.0 = Release|Any CPU
		{1526D588-8EC6-4EA1-BE66-757A2362289C}.Debug|Any CPU.ActiveCfg = Debug|Any CPU
		{1526D588-8EC6-4EA1-BE66-757A2362289C}.Debug|Any CPU.Build.0 = Debug|Any CPU
		{1526D588-8EC6-4EA1-BE66-757A2362289C}.Release|Any CPU.ActiveCfg = Release|Any CPU
		{1526D588-8EC6-4EA1-BE66-757A2362289C}.Release|Any CPU.Build.0 = Release|Any CPU
	EndGlobalSection
EndGlobal
